
Microsoft Visual Studio Solution File, Format Version 12.00
# Visual Studio Version 16
VisualStudioVersion = 16.0.30114.105
MinimumVisualStudioVersion = 10.0.40219.1
Project("{FAE04EC0-301F-11D3-BF4B-00C04F79EFBC}") = "API", "API\API.csproj", "{F660EEC5-7344-4C30-AF6C-32782C7D8B5C}"
EndProject
Project("{FAE04EC0-301F-11D3-BF4B-00C04F79EFBC}") = "Application", "Application\Application.csproj", "{83B83B2C-8A84-497D-863D-848E1A033275}"
EndProject
Project("{FAE04EC0-301F-11D3-BF4B-00C04F79EFBC}") = "Persistence", "Persistence\Persistence.csproj", "{4217D189-0593-44CE-AC7B-D1332AD51FC0}"
EndProject
Project("{FAE04EC0-301F-11D3-BF4B-00C04F79EFBC}") = "Domain", "Domain\Domain.csproj", "{63FF8671-1D8D-44AC-8985-3A8B85F338D7}"
EndProject
Global
	GlobalSection(SolutionConfigurationPlatforms) = preSolution
		Debug|Any CPU = Debug|Any CPU
		Debug|x64 = Debug|x64
		Debug|x86 = Debug|x86
		Release|Any CPU = Release|Any CPU
		Release|x64 = Release|x64
		Release|x86 = Release|x86
	EndGlobalSection
	GlobalSection(SolutionProperties) = preSolution
		HideSolutionNode = FALSE
	EndGlobalSection
	GlobalSection(ProjectConfigurationPlatforms) = postSolution
		{F660EEC5-7344-4C30-AF6C-32782C7D8B5C}.Debug|Any CPU.ActiveCfg = Debug|Any CPU
		{F660EEC5-7344-4C30-AF6C-32782C7D8B5C}.Debug|Any CPU.Build.0 = Debug|Any CPU
		{F660EEC5-7344-4C30-AF6C-32782C7D8B5C}.Debug|x64.ActiveCfg = Debug|Any CPU
		{F660EEC5-7344-4C30-AF6C-32782C7D8B5C}.Debug|x64.Build.0 = Debug|Any CPU
		{F660EEC5-7344-4C30-AF6C-32782C7D8B5C}.Debug|x86.ActiveCfg = Debug|Any CPU
		{F660EEC5-7344-4C30-AF6C-32782C7D8B5C}.Debug|x86.Build.0 = Debug|Any CPU
		{F660EEC5-7344-4C30-AF6C-32782C7D8B5C}.Release|Any CPU.ActiveCfg = Release|Any CPU
		{F660EEC5-7344-4C30-AF6C-32782C7D8B5C}.Release|Any CPU.Build.0 = Release|Any CPU
		{F660EEC5-7344-4C30-AF6C-32782C7D8B5C}.Release|x64.ActiveCfg = Release|Any CPU
		{F660EEC5-7344-4C30-AF6C-32782C7D8B5C}.Release|x64.Build.0 = Release|Any CPU
		{F660EEC5-7344-4C30-AF6C-32782C7D8B5C}.Release|x86.ActiveCfg = Release|Any CPU
		{F660EEC5-7344-4C30-AF6C-32782C7D8B5C}.Release|x86.Build.0 = Release|Any CPU
		{83B83B2C-8A84-497D-863D-848E1A033275}.Debug|Any CPU.ActiveCfg = Debug|Any CPU
		{83B83B2C-8A84-497D-863D-848E1A033275}.Debug|Any CPU.Build.0 = Debug|Any CPU
		{83B83B2C-8A84-497D-863D-848E1A033275}.Debug|x64.ActiveCfg = Debug|Any CPU
		{83B83B2C-8A84-497D-863D-848E1A033275}.Debug|x64.Build.0 = Debug|Any CPU
		{83B83B2C-8A84-497D-863D-848E1A033275}.Debug|x86.ActiveCfg = Debug|Any CPU
		{83B83B2C-8A84-497D-863D-848E1A033275}.Debug|x86.Build.0 = Debug|Any CPU
		{83B83B2C-8A84-497D-863D-848E1A033275}.Release|Any CPU.ActiveCfg = Release|Any CPU
		{83B83B2C-8A84-497D-863D-848E1A033275}.Release|Any CPU.Build.0 = Release|Any CPU
		{83B83B2C-8A84-497D-863D-848E1A033275}.Release|x64.ActiveCfg = Release|Any CPU
		{83B83B2C-8A84-497D-863D-848E1A033275}.Release|x64.Build.0 = Release|Any CPU
		{83B83B2C-8A84-497D-863D-848E1A033275}.Release|x86.ActiveCfg = Release|Any CPU
		{83B83B2C-8A84-497D-863D-848E1A033275}.Release|x86.Build.0 = Release|Any CPU
		{4217D189-0593-44CE-AC7B-D1332AD51FC0}.Debug|Any CPU.ActiveCfg = Debug|Any CPU
		{4217D189-0593-44CE-AC7B-D1332AD51FC0}.Debug|Any CPU.Build.0 = Debug|Any CPU
		{4217D189-0593-44CE-AC7B-D1332AD51FC0}.Debug|x64.ActiveCfg = Debug|Any CPU
		{4217D189-0593-44CE-AC7B-D1332AD51FC0}.Debug|x64.Build.0 = Debug|Any CPU
		{4217D189-0593-44CE-AC7B-D1332AD51FC0}.Debug|x86.ActiveCfg = Debug|Any CPU
		{4217D189-0593-44CE-AC7B-D1332AD51FC0}.Debug|x86.Build.0 = Debug|Any CPU
		{4217D189-0593-44CE-AC7B-D1332AD51FC0}.Release|Any CPU.ActiveCfg = Release|Any CPU
		{4217D189-0593-44CE-AC7B-D1332AD51FC0}.Release|Any CPU.Build.0 = Release|Any CPU
		{4217D189-0593-44CE-AC7B-D1332AD51FC0}.Release|x64.ActiveCfg = Release|Any CPU
		{4217D189-0593-44CE-AC7B-D1332AD51FC0}.Release|x64.Build.0 = Release|Any CPU
		{4217D189-0593-44CE-AC7B-D1332AD51FC0}.Release|x86.ActiveCfg = Release|Any CPU
		{4217D189-0593-44CE-AC7B-D1332AD51FC0}.Release|x86.Build.0 = Release|Any CPU
		{63FF8671-1D8D-44AC-8985-3A8B85F338D7}.Debug|Any CPU.ActiveCfg = Debug|Any CPU
		{63FF8671-1D8D-44AC-8985-3A8B85F338D7}.Debug|Any CPU.Build.0 = Debug|Any CPU
		{63FF8671-1D8D-44AC-8985-3A8B85F338D7}.Debug|x64.ActiveCfg = Debug|Any CPU
		{63FF8671-1D8D-44AC-8985-3A8B85F338D7}.Debug|x64.Build.0 = Debug|Any CPU
		{63FF8671-1D8D-44AC-8985-3A8B85F338D7}.Debug|x86.ActiveCfg = Debug|Any CPU
		{63FF8671-1D8D-44AC-8985-3A8B85F338D7}.Debug|x86.Build.0 = Debug|Any CPU
		{63FF8671-1D8D-44AC-8985-3A8B85F338D7}.Release|Any CPU.ActiveCfg = Release|Any CPU
		{63FF8671-1D8D-44AC-8985-3A8B85F338D7}.Release|Any CPU.Build.0 = Release|Any CPU
		{63FF8671-1D8D-44AC-8985-3A8B85F338D7}.Release|x64.ActiveCfg = Release|Any CPU
		{63FF8671-1D8D-44AC-8985-3A8B85F338D7}.Release|x64.Build.0 = Release|Any CPU
		{63FF8671-1D8D-44AC-8985-3A8B85F338D7}.Release|x86.ActiveCfg = Release|Any CPU
		{63FF8671-1D8D-44AC-8985-3A8B85F338D7}.Release|x86.Build.0 = Release|Any CPU
	EndGlobalSection
EndGlobal
